
Microsoft Visual Studio Solution File, Format Version 12.00
# Visual Studio Version 16
VisualStudioVersion = 16.0.29920.165
MinimumVisualStudioVersion = 10.0.40219.1
Project("{FAE04EC0-301F-11D3-BF4B-00C04F79EFBC}") = "Test1", "Test1.csproj", "{F769AD8E-5B9A-4BF8-92D0-7E29F40D5FEA}"
EndProject
Global
	GlobalSection(SolutionConfigurationPlatforms) = preSolution
		Debug|Any CPU = Debug|Any CPU
		Release|Any CPU = Release|Any CPU
	EndGlobalSection
	GlobalSection(ProjectConfigurationPlatforms) = postSolution
		{F769AD8E-5B9A-4BF8-92D0-7E29F40D5FEA}.Debug|Any CPU.ActiveCfg = Debug|Any CPU
		{F769AD8E-5B9A-4BF8-92D0-7E29F40D5FEA}.Debug|Any CPU.Build.0 = Debug|Any CPU
		{F769AD8E-5B9A-4BF8-92D0-7E29F40D5FEA}.Release|Any CPU.ActiveCfg = Release|Any CPU
		{F769AD8E-5B9A-4BF8-92D0-7E29F40D5FEA}.Release|Any CPU.Build.0 = Release|Any CPU
	EndGlobalSection
	GlobalSection(SolutionProperties) = preSolution
		HideSolutionNode = FALSE
	EndGlobalSection
	GlobalSection(ExtensibilityGlobals) = postSolution
		SolutionGuid = {85982BAD-4CCF-4B8A-82D3-D3202323561B}
	EndGlobalSection
EndGlobal
